
Microsoft Visual Studio Solution File, Format Version 12.00
# Visual Studio Version 16
VisualStudioVersion = 16.0.29306.81
MinimumVisualStudioVersion = 10.0.40219.1
Project("{FAE04EC0-301F-11D3-BF4B-00C04F79EFBC}") = "Mozzarella Sticks", "Mozzarella Sticks.csproj", "{E20EAD16-1DE0-4CB8-85B9-2DEC25A18EBF}"
EndProject
Global
	GlobalSection(SolutionConfigurationPlatforms) = preSolution
		Debug|Any CPU = Debug|Any CPU
		Release|Any CPU = Release|Any CPU
	EndGlobalSection
	GlobalSection(ProjectConfigurationPlatforms) = postSolution
		{E20EAD16-1DE0-4CB8-85B9-2DEC25A18EBF}.Debug|Any CPU.ActiveCfg = Debug|Any CPU
		{E20EAD16-1DE0-4CB8-85B9-2DEC25A18EBF}.Debug|Any CPU.Build.0 = Debug|Any CPU
		{E20EAD16-1DE0-4CB8-85B9-2DEC25A18EBF}.Release|Any CPU.ActiveCfg = Release|Any CPU
		{E20EAD16-1DE0-4CB8-85B9-2DEC25A18EBF}.Release|Any CPU.Build.0 = Release|Any CPU
	EndGlobalSection
	GlobalSection(SolutionProperties) = preSolution
		HideSolutionNode = FALSE
	EndGlobalSection
	GlobalSection(ExtensibilityGlobals) = postSolution
		SolutionGuid = {5C44DA9E-5E08-462F-A210-E9247BDBF705}
	EndGlobalSection
EndGlobal
